
Microsoft Visual Studio Solution File, Format Version 12.00
# Visual Studio Version 17
VisualStudioVersion = 17.9.34616.47
MinimumVisualStudioVersion = 10.0.40219.1
Project("{FAE04EC0-301F-11D3-BF4B-00C04F79EFBC}") = "Walls And Mines", "Walls And Mines\Walls And Mines.csproj", "{682E2629-0263-4A1F-BA9B-377E968719C6}"
EndProject
Global
	GlobalSection(SolutionConfigurationPlatforms) = preSolution
		Debug|Any CPU = Debug|Any CPU
		Release|Any CPU = Release|Any CPU
	EndGlobalSection
	GlobalSection(ProjectConfigurationPlatforms) = postSolution
		{682E2629-0263-4A1F-BA9B-377E968719C6}.Debug|Any CPU.ActiveCfg = Debug|Any CPU
		{682E2629-0263-4A1F-BA9B-377E968719C6}.Debug|Any CPU.Build.0 = Debug|Any CPU
		{682E2629-0263-4A1F-BA9B-377E968719C6}.Release|Any CPU.ActiveCfg = Release|Any CPU
		{682E2629-0263-4A1F-BA9B-377E968719C6}.Release|Any CPU.Build.0 = Release|Any CPU
	EndGlobalSection
	GlobalSection(SolutionProperties) = preSolution
		HideSolutionNode = FALSE
	EndGlobalSection
	GlobalSection(ExtensibilityGlobals) = postSolution
		SolutionGuid = {AF846585-336D-45BF-ABA1-0049ABD413DB}
	EndGlobalSection
EndGlobal
